
Microsoft Visual Studio Solution File, Format Version 12.00
# Visual Studio Version 17
VisualStudioVersion = 17.14.35906.104 d17.14
MinimumVisualStudioVersion = 10.0.40219.1
Project("{FAE04EC0-301F-11D3-BF4B-00C04F79EFBC}") = "WebApplication4", "WebApplication4\WebApplication4.csproj", "{546DD374-D06F-4930-9BC8-A2FDE6FDEDAF}"
EndProject
Global
	GlobalSection(SolutionConfigurationPlatforms) = preSolution
		Debug|Any CPU = Debug|Any CPU
		Release|Any CPU = Release|Any CPU
	EndGlobalSection
	GlobalSection(ProjectConfigurationPlatforms) = postSolution
		{546DD374-D06F-4930-9BC8-A2FDE6FDEDAF}.Debug|Any CPU.ActiveCfg = Debug|Any CPU
		{546DD374-D06F-4930-9BC8-A2FDE6FDEDAF}.Debug|Any CPU.Build.0 = Debug|Any CPU
		{546DD374-D06F-4930-9BC8-A2FDE6FDEDAF}.Release|Any CPU.ActiveCfg = Release|Any CPU
		{546DD374-D06F-4930-9BC8-A2FDE6FDEDAF}.Release|Any CPU.Build.0 = Release|Any CPU
	EndGlobalSection
	GlobalSection(SolutionProperties) = preSolution
		HideSolutionNode = FALSE
	EndGlobalSection
	GlobalSection(ExtensibilityGlobals) = postSolution
		SolutionGuid = {CFF3BD74-2F71-44CB-941F-132C6EDB57E7}
	EndGlobalSection
EndGlobal
